
Microsoft Visual Studio Solution File, Format Version 12.00
# Visual Studio Version 17
VisualStudioVersion = 17.5.33516.290
MinimumVisualStudioVersion = 10.0.40219.1
Project("{9A19103F-16F7-4668-BE54-9A1E7A4F7556}") = "WebDemoExe", "WebDemoExe.csproj", "{EE405166-276B-486B-A7C6-D3E5BE2BBB6C}"
EndProject
Global
	GlobalSection(SolutionConfigurationPlatforms) = preSolution
		Debug|Any CPU = Debug|Any CPU
		Release|Any CPU = Release|Any CPU
	EndGlobalSection
	GlobalSection(ProjectConfigurationPlatforms) = postSolution
		{EE405166-276B-486B-A7C6-D3E5BE2BBB6C}.Debug|Any CPU.ActiveCfg = Debug|Any CPU
		{EE405166-276B-486B-A7C6-D3E5BE2BBB6C}.Debug|Any CPU.Build.0 = Debug|Any CPU
		{EE405166-276B-486B-A7C6-D3E5BE2BBB6C}.Release|Any CPU.ActiveCfg = Release|Any CPU
		{EE405166-276B-486B-A7C6-D3E5BE2BBB6C}.Release|Any CPU.Build.0 = Release|Any CPU
	EndGlobalSection
	GlobalSection(SolutionProperties) = preSolution
		HideSolutionNode = FALSE
	EndGlobalSection
	GlobalSection(ExtensibilityGlobals) = postSolution
		SolutionGuid = {D67C87AC-0755-417B-837B-CF60986F29DF}
	EndGlobalSection
EndGlobal
